
Microsoft Visual Studio Solution File, Format Version 12.00
# Visual Studio Version 16
VisualStudioVersion = 16.0.31112.23
MinimumVisualStudioVersion = 10.0.40219.1
Project("{9A19103F-16F7-4668-BE54-9A1E7A4F7556}") = "BlazorSimpleApplications", "BlazorSimpleApplications.csproj", "{845EA746-31CF-479D-BC3E-549F280BFE89}"
EndProject
Global
	GlobalSection(SolutionConfigurationPlatforms) = preSolution
		Debug|Any CPU = Debug|Any CPU
		Release|Any CPU = Release|Any CPU
	EndGlobalSection
	GlobalSection(ProjectConfigurationPlatforms) = postSolution
		{845EA746-31CF-479D-BC3E-549F280BFE89}.Debug|Any CPU.ActiveCfg = Debug|Any CPU
		{845EA746-31CF-479D-BC3E-549F280BFE89}.Debug|Any CPU.Build.0 = Debug|Any CPU
		{845EA746-31CF-479D-BC3E-549F280BFE89}.Release|Any CPU.ActiveCfg = Release|Any CPU
		{845EA746-31CF-479D-BC3E-549F280BFE89}.Release|Any CPU.Build.0 = Release|Any CPU
	EndGlobalSection
	GlobalSection(SolutionProperties) = preSolution
		HideSolutionNode = FALSE
	EndGlobalSection
	GlobalSection(ExtensibilityGlobals) = postSolution
		SolutionGuid = {6C34055C-E65E-4F41-9709-08EA66DD80A8}
	EndGlobalSection
EndGlobal
